
Microsoft Visual Studio Solution File, Format Version 12.00
# Visual Studio 15
VisualStudioVersion = 15.0
MinimumVisualStudioVersion = 10.0.40219.1
Project("{2150E333-8FDC-42A3-9474-1A3956D46DE8}") = "Solution Items", "Solution Items", "{78307CEF-D002-4C0D-A5A5-19FD6321ADD1}"
	ProjectSection(SolutionItems) = preProject
		.gitattributes = .gitattributes
		.gitignore = .gitignore
		appveyor.yml = appveyor.yml
		global.json = global.json
		LICENSE = LICENSE
		README.md = README.md
	EndProjectSection
EndProject
Project("{9A19103F-16F7-4668-BE54-9A1E7A4F7556}") = "IsBizMail", "src\dotnet\IsBizMail.csproj", "{F8722C5D-2464-2454-5C38-51BD6511CD90}"
EndProject
Project("{9A19103F-16F7-4668-BE54-9A1E7A4F7556}") = "IsBizMail.Test", "test\dotnet\IsBizMail.Test.csproj", "{8A4D33FB-4592-4EC2-894F-B773BEAE305C}"
EndProject
Global
	GlobalSection(SolutionConfigurationPlatforms) = preSolution
		Debug|Any CPU = Debug|Any CPU
		Release|Any CPU = Release|Any CPU
	EndGlobalSection
	GlobalSection(ProjectConfigurationPlatforms) = postSolution
		{F8722C5D-2464-2454-5C38-51BD6511CD90}.Debug|Any CPU.ActiveCfg = Debug|Any CPU
		{F8722C5D-2464-2454-5C38-51BD6511CD90}.Debug|Any CPU.Build.0 = Debug|Any CPU
		{F8722C5D-2464-2454-5C38-51BD6511CD90}.Release|Any CPU.ActiveCfg = Release|Any CPU
		{F8722C5D-2464-2454-5C38-51BD6511CD90}.Release|Any CPU.Build.0 = Release|Any CPU
		{8A4D33FB-4592-4EC2-894F-B773BEAE305C}.Debug|Any CPU.ActiveCfg = Debug|Any CPU
		{8A4D33FB-4592-4EC2-894F-B773BEAE305C}.Debug|Any CPU.Build.0 = Debug|Any CPU
		{8A4D33FB-4592-4EC2-894F-B773BEAE305C}.Release|Any CPU.ActiveCfg = Release|Any CPU
		{8A4D33FB-4592-4EC2-894F-B773BEAE305C}.Release|Any CPU.Build.0 = Release|Any CPU
	EndGlobalSection
	GlobalSection(SolutionProperties) = preSolution
		HideSolutionNode = FALSE
	EndGlobalSection
	GlobalSection(ExtensibilityGlobals) = postSolution
		SolutionGuid = {3478BDBD-DA54-4805-A3E2-EE840F8FFA11}
	EndGlobalSection
EndGlobal
